
Microsoft Visual Studio Solution File, Format Version 12.00
# Visual Studio Version 16
VisualStudioVersion = 16.0.29911.84
MinimumVisualStudioVersion = 10.0.40219.1
Project("{FAE04EC0-301F-11D3-BF4B-00C04F79EFBC}") = "task1", "task1\task1.csproj", "{99B9606D-6CE9-4939-8C52-F7B07E7358F2}"
EndProject
Project("{D954291E-2A0B-460D-934E-DC6B0785DB48}") = "SharedProject1", "SharedProject1\SharedProject1.shproj", "{6E098B40-ECF7-4807-84B9-5A0DAB42029E}"
EndProject
Project("{FAE04EC0-301F-11D3-BF4B-00C04F79EFBC}") = "WebApplication", "WebApplication\WebApplication.csproj", "{2E5E5EAB-7768-4550-9383-4701A11A5140}"
EndProject
Global
	GlobalSection(SharedMSBuildProjectFiles) = preSolution
		SharedProject1\SharedProject1.projitems*{2e5e5eab-7768-4550-9383-4701a11a5140}*SharedItemsImports = 4
		SharedProject1\SharedProject1.projitems*{6e098b40-ecf7-4807-84b9-5a0dab42029e}*SharedItemsImports = 13
		SharedProject1\SharedProject1.projitems*{99b9606d-6ce9-4939-8c52-f7b07e7358f2}*SharedItemsImports = 4
	EndGlobalSection
	GlobalSection(SolutionConfigurationPlatforms) = preSolution
		Debug|Any CPU = Debug|Any CPU
		Release|Any CPU = Release|Any CPU
	EndGlobalSection
	GlobalSection(ProjectConfigurationPlatforms) = postSolution
		{99B9606D-6CE9-4939-8C52-F7B07E7358F2}.Debug|Any CPU.ActiveCfg = Debug|Any CPU
		{99B9606D-6CE9-4939-8C52-F7B07E7358F2}.Debug|Any CPU.Build.0 = Debug|Any CPU
		{99B9606D-6CE9-4939-8C52-F7B07E7358F2}.Release|Any CPU.ActiveCfg = Release|Any CPU
		{99B9606D-6CE9-4939-8C52-F7B07E7358F2}.Release|Any CPU.Build.0 = Release|Any CPU
		{2E5E5EAB-7768-4550-9383-4701A11A5140}.Debug|Any CPU.ActiveCfg = Debug|Any CPU
		{2E5E5EAB-7768-4550-9383-4701A11A5140}.Debug|Any CPU.Build.0 = Debug|Any CPU
		{2E5E5EAB-7768-4550-9383-4701A11A5140}.Release|Any CPU.ActiveCfg = Release|Any CPU
		{2E5E5EAB-7768-4550-9383-4701A11A5140}.Release|Any CPU.Build.0 = Release|Any CPU
	EndGlobalSection
	GlobalSection(SolutionProperties) = preSolution
		HideSolutionNode = FALSE
	EndGlobalSection
	GlobalSection(ExtensibilityGlobals) = postSolution
		SolutionGuid = {2B19461E-E72E-47F4-949C-529B11C16A77}
	EndGlobalSection
EndGlobal
